// !$*UTF8*$!
{
	archiveVersion = 1;
	classes = {
	};
	objectVersion = 46;
	objects = {

/* Begin PBXBuildFile section */
		9B542F021BEB169F003C6C0A /* main.m in Sources */ = {isa = PBXBuildFile; fileRef = 9B542F011BEB169F003C6C0A /* main.m */; };
		9B542F051BEB169F003C6C0A /* AppDelegate.m in Sources */ = {isa = PBXBuildFile; fileRef = 9B542F041BEB169F003C6C0A /* AppDelegate.m */; };
		9B542F081BEB169F003C6C0A /* TestViewController.m in Sources */ = {isa = PBXBuildFile; fileRef = 9B542F071BEB169F003C6C0A /* TestViewController.m */; };
		9B542F0D1BEB169F003C6C0A /* Assets.xcassets in Resources */ = {isa = PBXBuildFile; fileRef = 9B542F0C1BEB169F003C6C0A /* Assets.xcassets */; };
		9B542F1B1BEB169F003C6C0A /* GitTestTests.m in Sources */ = {isa = PBXBuildFile; fileRef = 9B542F1A1BEB169F003C6C0A /* GitTestTests.m */; };
		9B542F261BEB169F003C6C0A /* GitTestUITests.m in Sources */ = {isa = PBXBuildFile; fileRef = 9B542F251BEB169F003C6C0A /* GitTestUITests.m */; };
/* End PBXBuildFile section */

/* Begin PBXContainerItemProxy section */
		9B542F171BEB169F003C6C0A /* PBXContainerItemProxy */ = {
			isa = PBXContainerItemProxy;
			containerPortal = 9B542EF51BEB169F003C6C0A /* Project object */;
			proxyType = 1;
			remoteGlobalIDString = 9B542EFC1BEB169F003C6C0A;
			remoteInfo = GitTest;
		};
		9B542F221BEB169F003C6C0A /* PBXContainerItemProxy */ = {
			isa = PBXContainerItemProxy;
			containerPortal = 9B542EF51BEB169F003C6C0A /* Project object */;
			proxyType = 1;
			remoteGlobalIDString = 9B542EFC1BEB169F003C6C0A;
			remoteInfo = GitTest;
		};
/* End PBXContainerItemProxy section */

/* Begin PBXFileReference section */
		9B542EFD1BEB169F003C6C0A /* GitTest.app */ = {isa = PBXFileReference; explicitFileType = wrapper.application; includeInIndex = 0; path = GitTest.app; sourceTree = BUILT_PRODUCTS_DIR; };
		9B542F011BEB169F003C6C0A /* main.m */ = {isa = PBXFileReference; lastKnownFileType = sourcecode.c.objc; path = main.m; sourceTree = "<group>"; };
		9B542F031BEB169F003C6C0A /* AppDelegate.h */ = {isa = PBXFileReference; lastKnownFileType = sourcecode.c.h; path = AppDelegate.h; sourceTree = "<group>"; };
		9B542F041BEB169F003C6C0A /* AppDelegate.m */ = {isa = PBXFileReference; lastKnownFileType = sourcecode.c.objc; path = AppDelegate.m; sourceTree = "<group>"; };
		9B542F061BEB169F003C6C0A /* TestViewController.h */ = {isa = PBXFileReference; lastKnownFileType = sourcecode.c.h; path = TestViewController.h; sourceTree = "<group>"; };
		9B542F071BEB169F003C6C0A /* TestViewController.m */ = {isa = PBXFileReference; lastKnownFileType = sourcecode.c.objc; path = TestViewController.m; sourceTree = "<group>"; };
		9B542F0C1BEB169F003C6C0A /* Assets.xcassets */ = {isa = PBXFileReference; lastKnownFileType = folder.assetcatalog; path = Assets.xcassets; sourceTree = "<group>"; };
		9B542F111BEB169F003C6C0A /* Info.plist */ = {isa = PBXFileReference; lastKnownFileType = text.plist.xml; path = Info.plist; sourceTree = "<group>"; };
		9B542F161BEB169F003C6C0A /* GitTestTests.xctest */ = {isa = PBXFileReference; explicitFileType = wrapper.cfbundle; includeInIndex = 0; path = GitTestTests.xctest; sourceTree = BUILT_PRODUCTS_DIR; };
		9B542F1A1BEB169F003C6C0A /* GitTestTests.m */ = {isa = PBXFileReference; lastKnownFileType = sourcecode.c.objc; path = GitTestTests.m; sourceTree = "<group>"; };
		9B542F1C1BEB169F003C6C0A /* Info.plist */ = {isa = PBXFileReference; lastKnownFileType = text.plist.xml; path = Info.plist; sourceTree = "<group>"; };
		9B542F211BEB169F003C6C0A /* GitTestUITests.xctest */ = {isa = PBXFileReference; explicitFileType = wrapper.cfbundle; includeInIndex = 0; path = GitTestUITests.xctest; sourceTree = BUILT_PRODUCTS_DIR; };
		9B542F251BEB169F003C6C0A /* GitTestUITests.m */ = {isa = PBXFileReference; lastKnownFileType = sourcecode.c.objc; path = GitTestUITests.m; sourceTree = "<group>"; };
		9B542F271BEB169F003C6C0A /* Info.plist */ = {isa = PBXFileReference; lastKnownFileType = text.plist.xml; path = Info.plist; sourceTree = "<group>"; };
/* End PBXFileReference section */

/* Begin PBXFrameworksBuildPhase section */
		9B542EFA1BEB169F003C6C0A /* Frameworks */ = {
			isa = PBXFrameworksBuildPhase;
			buildActionMask = 2147483647;
			files = (
			);
			runOnlyForDeploymentPostprocessing = 0;
		};
		9B542F131BEB169F003C6C0A /* Frameworks */ = {
			isa = PBXFrameworksBuildPhase;
			buildActionMask = 2147483647;
			files = (
			);
			runOnlyForDeploymentPostprocessing = 0;
		};
		9B542F1E1BEB169F003C6C0A /* Frameworks */ = {
			isa = PBXFrameworksBuildPhase;
			buildActionMask = 2147483647;
			files = (
			);
			runOnlyForDeploymentPostprocessing = 0;
		};
/* End PBXFrameworksBuildPhase section */

/* Begin PBXGroup section */
		9B542EF41BEB169F003C6C0A = {
			isa = PBXGroup;
			children = (
				9B542EFF1BEB169F003C6C0A /* GitTest */,
				9B542F191BEB169F003C6C0A /* GitTestTests */,
				9B542F241BEB169F003C6C0A /* GitTestUITests */,
				9B542EFE1BEB169F003C6C0A /* Products */,
			);
			sourceTree = "<group>";
		};
		9B542EFE1BEB169F003C6C0A /* Products */ = {
			isa = PBXGroup;
			children = (
				9B542EFD1BEB169F003C6C0A /* GitTest.app */,
				9B542F161BEB169F003C6C0A /* GitTestTests.xctest */,
				9B542F211BEB169F003C6C0A /* GitTestUITests.xctest */,
			);
			name = Products;
			sourceTree = "<group>";
		};
		9B542EFF1BEB169F003C6C0A /* GitTest */ = {
			isa = PBXGroup;
			children = (
				9B542F031BEB169F003C6C0A /* AppDelegate.h */,
				9B542F041BEB169F003C6C0A /* AppDelegate.m */,
				9B542F061BEB169F003C6C0A /* TestViewController.h */,
				9B542F071BEB169F003C6C0A /* TestViewController.m */,
				9B542F0C1BEB169F003C6C0A /* Assets.xcassets */,
				9B542F111BEB169F003C6C0A /* Info.plist */,
				9B542F001BEB169F003C6C0A /* Supporting Files */,
			);
			path = GitTest;
			sourceTree = "<group>";
		};
		9B542F001BEB169F003C6C0A /* Supporting Files */ = {
			isa = PBXGroup;
			children = (
				9B542F011BEB169F003C6C0A /* main.m */,
			);
			name = "Supporting Files";
			sourceTree = "<group>";
		};
		9B542F191BEB169F003C6C0A /* GitTestTests */ = {
			isa = PBXGroup;
			children = (
				9B542F1A1BEB169F003C6C0A /* GitTestTests.m */,
				9B542F1C1BEB169F003C6C0A /* Info.plist */,
			);
			path = GitTestTests;
			sourceTree = "<group>";
		};
		9B542F241BEB169F003C6C0A /* GitTestUITests */ = {
			isa = PBXGroup;
			children = (
				9B542F251BEB169F003C6C0A /* GitTestUITests.m */,
				9B542F271BEB169F003C6C0A /* Info.plist */,
			);
			path = GitTestUITests;
			sourceTree = "<group>";
		};
/* End PBXGroup section */

/* Begin PBXNativeTarget section */
		9B542EFC1BEB169F003C6C0A /* GitTest */ = {
			isa = PBXNativeTarget;
			buildConfigurationList = 9B542F2A1BEB169F003C6C0A /* Build configuration list for PBXNativeTarget "GitTest" */;
			buildPhases = (
				9B542EF91BEB169F003C6C0A /* Sources */,
				9B542EFA1BEB169F003C6C0A /* Frameworks */,
				9B542EFB1BEB169F003C6C0A /* Resources */,
			);
			buildRules = (
			);
			dependencies = (
			);
			name = GitTest;
			productName = GitTest;
			productReference = 9B542EFD1BEB169F003C6C0A /* GitTest.app */;
			productType = "com.apple.product-type.application";
		};
		9B542F151BEB169F003C6C0A /* GitTestTests */ = {
			isa = PBXNativeTarget;
			buildConfigurationList = 9B542F2D1BEB169F003C6C0A /* Build configuration list for PBXNativeTarget "GitTestTests" */;
			buildPhases = (
				9B542F121BEB169F003C6C0A /* Sources */,
				9B542F131BEB169F003C6C0A /* Frameworks */,
				9B542F141BEB169F003C6C0A /* Resources */,
			);
			buildRules = (
			);
			dependencies = (
				9B542F181BEB169F003C6C0A /* PBXTargetDependency */,
			);
			name = GitTestTests;
			productName = GitTestTests;
			productReference = 9B542F161BEB169F003C6C0A /* GitTestTests.xctest */;
			productType = "com.apple.product-type.bundle.unit-test";
		};
		9B542F201BEB169F003C6C0A /* GitTestUITests */ = {
			isa = PBXNativeTarget;
			buildConfigurationList = 9B542F301BEB169F003C6C0A /* Build configuration list for PBXNativeTarget "GitTestUITests" */;
			buildPhases = (
				9B542F1D1BEB169F003C6C0A /* Sources */,
				9B542F1E1BEB169F003C6C0A /* Frameworks */,
				9B542F1F1BEB169F003C6C0A /* Resources */,
			);
			buildRules = (
			);
			dependencies = (
				9B542F231BEB169F003C6C0A /* PBXTargetDependency */,
			);
			name = GitTestUITests;
			productName = GitTestUITests;
			productReference = 9B542F211BEB169F003C6C0A /* GitTestUITests.xctest */;
			productType = "com.apple.product-type.bundle.ui-testing";
		};
/* End PBXNativeTarget section */

/* Begin PBXProject section */
		9B542EF51BEB169F003C6C0A /* Project object */ = {
			isa = PBXProject;
			attributes = {
				LastUpgradeCheck = 0710;
				ORGANIZATIONNAME = "肤浅baby";
				TargetAttributes = {
					9B542EFC1BEB169F003C6C0A = {
						CreatedOnToolsVersion = 7.1;
					};
					9B542F151BEB169F003C6C0A = {
						CreatedOnToolsVersion = 7.1;
						TestTargetID = 9B542EFC1BEB169F003C6C0A;
					};
					9B542F201BEB169F003C6C0A = {
						CreatedOnToolsVersion = 7.1;
						TestTargetID = 9B542EFC1BEB169F003C6C0A;
					};
				};
			};
			buildConfigurationList = 9B542EF81BEB169F003C6C0A /* Build configuration list for PBXProject "GitTest" */;
			compatibilityVersion = "Xcode 3.2";
			developmentRegion = English;
			hasScannedForEncodings = 0;
			knownRegions = (
				en,
				Base,
			);
			mainGroup = 9B542EF41BEB169F003C6C0A;
			productRefGroup = 9B542EFE1BEB169F003C6C0A /* Products */;
			projectDirPath = "";
			projectRoot = "";
			targets = (
				9B542EFC1BEB169F003C6C0A /* GitTest */,
				9B542F151BEB169F003C6C0A /* GitTestTests */,
				9B542F201BEB169F003C6C0A /* GitTestUITests */,
			);
		};
/* End PBXProject section */

/* Begin PBXResourcesBuildPhase section */
		9B542EFB1BEB169F003C6C0A /* Resources */ = {
			isa = PBXResourcesBuildPhase;
			buildActionMask = 2147483647;
			files = (
				9B542F0D1BEB169F003C6C0A /* Assets.xcassets in Resources */,
			);
			runOnlyForDeploymentPostprocessing = 0;
		};
		9B542F141BEB169F003C6C0A /* Resources */ = {
			isa = PBXResourcesBuildPhase;
			buildActionMask = 2147483647;
			files = (
			);
			runOnlyForDeploymentPostprocessing = 0;
		};
		9B542F1F1BEB169F003C6C0A /* Resources */ = {
			isa = PBXResourcesBuildPhase;
			buildActionMask = 2147483647;
			files = (
			);
			runOnlyForDeploymentPostprocessing = 0;
		};
/* End PBXResourcesBuildPhase section */

/* Begin PBXSourcesBuildPhase section */
		9B542EF91BEB169F003C6C0A /* Sources */ = {
			isa = PBXSourcesBuildPhase;
			buildActionMask = 2147483647;
			files = (
				9B542F081BEB169F003C6C0A /* TestViewController.m in Sources */,
				9B542F051BEB169F003C6C0A /* AppDelegate.m in Sources */,
				9B542F021BEB169F003C6C0A /* main.m in Sources */,
			);
			runOnlyForDeploymentPostprocessing = 0;
		};
		9B542F121BEB169F003C6C0A /* Sources */ = {
			isa = PBXSourcesBuildPhase;
			buildActionMask = 2147483647;
			files = (
				9B542F1B1BEB169F003C6C0A /* GitTestTests.m in Sources */,
			);
			runOnlyForDeploymentPostprocessing = 0;
		};
		9B542F1D1BEB169F003C6C0A /* Sources */ = {
			isa = PBXSourcesBuildPhase;
			buildActionMask = 2147483647;
			files = (
				9B542F261BEB169F003C6C0A /* GitTestUITests.m in Sources */,
			);
			runOnlyForDeploymentPostprocessing = 0;
		};
/* End PBXSourcesBuildPhase section */

/* Begin PBXTargetDependency section */
		9B542F181BEB169F003C6C0A /* PBXTargetDependency */ = {
			isa = PBXTargetDependency;
			target = 9B542EFC1BEB169F003C6C0A /* GitTest */;
			targetProxy = 9B542F171BEB169F003C6C0A /* PBXContainerItemProxy */;
		};
		9B542F231BEB169F003C6C0A /* PBXTargetDependency */ = {
			isa = PBXTargetDependency;
			target = 9B542EFC1BEB169F003C6C0A /* GitTest */;
			targetProxy = 9B542F221BEB169F003C6C0A /* PBXContainerItemProxy */;
		};
/* End PBXTargetDependency section */

/* Begin XCBuildConfiguration section */
		9B542F281BEB169F003C6C0A /* Debug */ = {
			isa = XCBuildConfiguration;
			buildSettings = {
				ALWAYS_SEARCH_USER_PATHS = NO;
				CLANG_CXX_LANGUAGE_STANDARD = "gnu++0x";
				CLANG_CXX_LIBRARY = "libc++";
				CLANG_ENABLE_MODULES = YES;
				CLANG_ENABLE_OBJC_ARC = YES;
				CLANG_WARN_BOOL_CONVERSION = YES;
				CLANG_WARN_CONSTANT_CONVERSION = YES;
				CLANG_WARN_DIRECT_OBJC_ISA_USAGE = YES_ERROR;
				CLANG_WARN_EMPTY_BODY = YES;
				CLANG_WARN_ENUM_CONVERSION = YES;
				CLANG_WARN_INT_CONVERSION = YES;
				CLANG_WARN_OBJC_ROOT_CLASS = YES_ERROR;
				CLANG_WARN_UNREACHABLE_CODE = YES;
				CLANG_WARN__DUPLICATE_METHOD_MATCH = YES;
				"CODE_SIGN_IDENTITY[sdk=iphoneos*]" = "iPhone Developer";
				COPY_PHASE_STRIP = NO;
				DEBUG_INFORMATION_FORMAT = dwarf;
				ENABLE_STRICT_OBJC_MSGSEND = YES;
				ENABLE_TESTABILITY = YES;
				GCC_C_LANGUAGE_STANDARD = gnu99;
				GCC_DYNAMIC_NO_PIC = NO;
				GCC_NO_COMMON_BLOCKS = YES;
				GCC_OPTIMIZATION_LEVEL = 0;
				GCC_PREPROCESSOR_DEFINITIONS = (
					"DEBUG=1",
					"$(inherited)",
				);
				GCC_WARN_64_TO_32_BIT_CONVERSION = YES;
				GCC_WARN_ABOUT_RETURN_TYPE = YES_ERROR;
				GCC_WARN_UNDECLARED_SELECTOR = YES;
				GCC_WARN_UNINITIALIZED_AUTOS = YES_AGGRESSIVE;
				GCC_WARN_UNUSED_FUNCTION = YES;
				GCC_WARN_UNUSED_VARIABLE = YES;
				IPHONEOS_DEPLOYMENT_TARGET = 9.1;
				MTL_ENABLE_DEBUG_INFO = YES;
				ONLY_ACTIVE_ARCH = YES;
				SDKROOT = iphoneos;
			};
			name = Debug;
		};
		9B542F291BEB169F003C6C0A /* Release */ = {
			isa = XCBuildConfiguration;
			buildSettings = {
				ALWAYS_SEARCH_USER_PATHS = NO;
				CLANG_CXX_LANGUAGE_STANDARD = "gnu++0x";
				CLANG_CXX_LIBRARY = "libc++";
				CLANG_ENABLE_MODULES = YES;
				CLANG_ENABLE_OBJC_ARC = YES;
				CLANG_WARN_BOOL_CONVERSION = YES;
				CLANG_WARN_CONSTANT_CONVERSION = YES;
				CLANG_WARN_DIRECT_OBJC_ISA_USAGE = YES_ERROR;
				CLANG_WARN_EMPTY_BODY = YES;
				CLANG_WARN_ENUM_CONVERSION = YES;
				CLANG_WARN_INT_CONVERSION = YES;
				CLANG_WARN_OBJC_ROOT_CLASS = YES_ERROR;
				CLANG_WARN_UNREACHABLE_CODE = YES;
				CLANG_WARN__DUPLICATE_METHOD_MATCH = YES;
				"CODE_SIGN_IDENTITY[sdk=iphoneos*]" = "iPhone Developer";
				COPY_PHASE_STRIP = NO;
				DEBUG_INFORMATION_FORMAT = "dwarf-with-dsym";
				ENABLE_NS_ASSERTIONS = NO;
				ENABLE_STRICT_OBJC_MSGSEND = YES;
				GCC_C_LANGUAGE_STANDARD = gnu99;
				GCC_NO_COMMON_BLOCKS = YES;
				GCC_WARN_64_TO_32_BIT_CONVERSION = YES;
				GCC_WARN_ABOUT_RETURN_TYPE = YES_ERROR;
				GCC_WARN_UNDECLARED_SELECTOR = YES;
				GCC_WARN_UNINITIALIZED_AUTOS = YES_AGGRESSIVE;
				GCC_WARN_UNUSED_FUNCTION = YES;
				GCC_WARN_UNUSED_VARIABLE = YES;
				IPHONEOS_DEPLOYMENT_TARGET = 9.1;
				MTL_ENABLE_DEBUG_INFO = NO;
				SDKROOT = iphoneos;
				VALIDATE_PRODUCT = YES;
			};
			name = Release;
		};
		9B542F2B1BEB169F003C6C0A /* Debug */ = {
			isa = XCBuildConfiguration;
			buildSettings = {
				ASSETCATALOG_COMPILER_APPICON_NAME = AppIcon;
				ASSETCATALOG_COMPILER_LAUNCHIMAGE_NAME = "Brand Assets";
				INFOPLIST_FILE = GitTest/Info.plist;
				IPHONEOS_DEPLOYMENT_TARGET = 7.0;
				LD_RUNPATH_SEARCH_PATHS = "$(inherited) @executable_path/Frameworks";
				PRODUCT_BUNDLE_IDENTIFIER = com.ecjia.buybuy;
				PRODUCT_NAME = "$(TARGET_NAME)";
			};
			name = Debug;
		};
		9B542F2C1BEB169F003C6C0A /* Release */ = {
			isa = XCBuildConfiguration;
			buildSettings = {
				ASSETCATALOG_COMPILER_APPICON_NAME = AppIcon;
				ASSETCATALOG_COMPILER_LAUNCHIMAGE_NAME = "Brand Assets";
				INFOPLIST_FILE = GitTest/Info.plist;
				IPHONEOS_DEPLOYMENT_TARGET = 7.0;
				LD_RUNPATH_SEARCH_PATHS = "$(inherited) @executable_path/Frameworks";
				PRODUCT_BUNDLE_IDENTIFIER = com.ecjia.buybuy;
				PRODUCT_NAME = "$(TARGET_NAME)";
			};
			name = Release;
		};
		9B542F2E1BEB169F003C6C0A /* Debug */ = {
			isa = XCBuildConfiguration;
			buildSettings = {
				BUNDLE_LOADER = "$(TEST_HOST)";
				INFOPLIST_FILE = GitTestTests/Info.plist;
				LD_RUNPATH_SEARCH_PATHS = "$(inherited) @executable_path/Frameworks @loader_path/Frameworks";
				PRODUCT_BUNDLE_IDENTIFIER = com.ecjia.buybuy.GitTestTests;
				PRODUCT_NAME = "$(TARGET_NAME)";
				TEST_HOST = "$(BUILT_PRODUCTS_DIR)/GitTest.app/GitTest";
			};
			name = Debug;
		};
		9B542F2F1BEB169F003C6C0A /* Release */ = {
			isa = XCBuildConfiguration;
			buildSettings = {
				BUNDLE_LOADER = "$(TEST_HOST)";
				INFOPLIST_FILE = GitTestTests/Info.plist;
				LD_RUNPATH_SEARCH_PATHS = "$(inherited) @executable_path/Frameworks @loader_path/Frameworks";
				PRODUCT_BUNDLE_IDENTIFIER = com.ecjia.buybuy.GitTestTests;
				PRODUCT_NAME = "$(TARGET_NAME)";
				TEST_HOST = "$(BUILT_PRODUCTS_DIR)/GitTest.app/GitTest";
			};
			name = Release;
		};
		9B542F311BEB169F003C6C0A /* Debug */ = {
			isa = XCBuildConfiguration;
			buildSettings = {
				INFOPLIST_FILE = GitTestUITests/Info.plist;
				LD_RUNPATH_SEARCH_PATHS = "$(inherited) @executable_path/Frameworks @loader_path/Frameworks";
				PRODUCT_BUNDLE_IDENTIFIER = com.ecjia.buybuy.GitTestUITests;
				PRODUCT_NAME = "$(TARGET_NAME)";
				TEST_TARGET_NAME = GitTest;
				USES_XCTRUNNER = YES;
			};
			name = Debug;
		};
		9B542F321BEB169F003C6C0A /* Release */ = {
			isa = XCBuildConfiguration;
			buildSettings = {
				INFOPLIST_FILE = GitTestUITests/Info.plist;
				LD_RUNPATH_SEARCH_PATHS = "$(inherited) @executable_path/Frameworks @loader_path/Frameworks";
				PRODUCT_BUNDLE_IDENTIFIER = com.ecjia.buybuy.GitTestUITests;
				PRODUCT_NAME = "$(TARGET_NAME)";
				TEST_TARGET_NAME = GitTest;
				USES_XCTRUNNER = YES;
			};
			name = Release;
		};
/* End XCBuildConfiguration section */

/* Begin XCConfigurationList section */
		9B542EF81BEB169F003C6C0A /* Build configuration list for PBXProject "GitTest" */ = {
			isa = XCConfigurationList;
			buildConfigurations = (
				9B542F281BEB169F003C6C0A /* Debug */,
				9B542F291BEB169F003C6C0A /* Release */,
			);
			defaultConfigurationIsVisible = 0;
			defaultConfigurationName = Release;
		};
		9B542F2A1BEB169F003C6C0A /* Build configuration list for PBXNativeTarget "GitTest" */ = {
			isa = XCConfigurationList;
			buildConfigurations = (
				9B542F2B1BEB169F003C6C0A /* Debug */,
				9B542F2C1BEB169F003C6C0A /* Release */,
			);
			defaultConfigurationIsVisible = 0;
		};
		9B542F2D1BEB169F003C6C0A /* Build configuration list for PBXNativeTarget "GitTestTests" */ = {
			isa = XCConfigurationList;
			buildConfigurations = (
				9B542F2E1BEB169F003C6C0A /* Debug */,
				9B542F2F1BEB169F003C6C0A /* Release */,
			);
			defaultConfigurationIsVisible = 0;
		};
		9B542F301BEB169F003C6C0A /* Build configuration list for PBXNativeTarget "GitTestUITests" */ = {
			isa = XCConfigurationList;
			buildConfigurations = (
				9B542F311BEB169F003C6C0A /* Debug */,
				9B542F321BEB169F003C6C0A /* Release */,
			);
			defaultConfigurationIsVisible = 0;
		};
/* End XCConfigurationList section */
	};
	rootObject = 9B542EF51BEB169F003C6C0A /* Project object */;
}
